
Microsoft Visual Studio Solution File, Format Version 12.00
# Visual Studio Version 17
VisualStudioVersion = 17.8.34511.84
MinimumVisualStudioVersion = 10.0.40219.1
Project("{888888A0-9F3D-457C-B088-3A5042F75D52}") = "pac3man", "pac3man.pyproj", "{86FB4F5A-7A88-4F0B-874A-99F45433E13D}"
EndProject
Global
	GlobalSection(SolutionConfigurationPlatforms) = preSolution
		Debug|Any CPU = Debug|Any CPU
		Release|Any CPU = Release|Any CPU
	EndGlobalSection
	GlobalSection(ProjectConfigurationPlatforms) = postSolution
		{86FB4F5A-7A88-4F0B-874A-99F45433E13D}.Debug|Any CPU.ActiveCfg = Debug|Any CPU
		{86FB4F5A-7A88-4F0B-874A-99F45433E13D}.Release|Any CPU.ActiveCfg = Release|Any CPU
	EndGlobalSection
	GlobalSection(SolutionProperties) = preSolution
		HideSolutionNode = FALSE
	EndGlobalSection
	GlobalSection(ExtensibilityGlobals) = postSolution
		SolutionGuid = {F7616AF7-9214-4D22-862E-08A9CB429FDF}
	EndGlobalSection
EndGlobal
